
Microsoft Visual Studio Solution File, Format Version 12.00
# Visual Studio Version 17
VisualStudioVersion = 17.3.32825.248
MinimumVisualStudioVersion = 10.0.40219.1
Project("{9A19103F-16F7-4668-BE54-9A1E7A4F7556}") = "May8Homework.Web", "March8Homework.Web\May8Homework.Web.csproj", "{C33B31ED-64D2-43A6-B213-67BB86EBF108}"
EndProject
Global
	GlobalSection(SolutionConfigurationPlatforms) = preSolution
		Debug|Any CPU = Debug|Any CPU
		Release|Any CPU = Release|Any CPU
	EndGlobalSection
	GlobalSection(ProjectConfigurationPlatforms) = postSolution
		{C33B31ED-64D2-43A6-B213-67BB86EBF108}.Debug|Any CPU.ActiveCfg = Debug|Any CPU
		{C33B31ED-64D2-43A6-B213-67BB86EBF108}.Debug|Any CPU.Build.0 = Debug|Any CPU
		{C33B31ED-64D2-43A6-B213-67BB86EBF108}.Release|Any CPU.ActiveCfg = Release|Any CPU
		{C33B31ED-64D2-43A6-B213-67BB86EBF108}.Release|Any CPU.Build.0 = Release|Any CPU
	EndGlobalSection
	GlobalSection(SolutionProperties) = preSolution
		HideSolutionNode = FALSE
	EndGlobalSection
	GlobalSection(ExtensibilityGlobals) = postSolution
		SolutionGuid = {21A460C3-566C-4D7C-A7F6-AF4E4CB6BFCE}
	EndGlobalSection
EndGlobal
